
Microsoft Visual Studio Solution File, Format Version 12.00
# Visual Studio Version 16
VisualStudioVersion = 16.0.30104.148
MinimumVisualStudioVersion = 10.0.40219.1
Project("{C7167F0D-BC9F-4E6E-AFE1-012C56B48DB5}") = "Fixcord.Package", "Fixcord.Package\Fixcord.Package.wapproj", "{369AD2C9-0211-4ECD-A352-B719161B4C6F}"
EndProject
Project("{9A19103F-16F7-4668-BE54-9A1E7A4F7556}") = "Fixcord.App", "Fixcord.App\Fixcord.App.csproj", "{2E4EE096-B554-4B4F-B467-75D26F7BE8A6}"
EndProject
Global
	GlobalSection(SolutionConfigurationPlatforms) = preSolution
		Debug|Any CPU = Debug|Any CPU
		Debug|ARM = Debug|ARM
		Debug|ARM64 = Debug|ARM64
		Debug|x64 = Debug|x64
		Debug|x86 = Debug|x86
		Release|Any CPU = Release|Any CPU
		Release|ARM = Release|ARM
		Release|ARM64 = Release|ARM64
		Release|x64 = Release|x64
		Release|x86 = Release|x86
	EndGlobalSection
	GlobalSection(ProjectConfigurationPlatforms) = postSolution
		{369AD2C9-0211-4ECD-A352-B719161B4C6F}.Debug|Any CPU.ActiveCfg = Debug|Any CPU
		{369AD2C9-0211-4ECD-A352-B719161B4C6F}.Debug|Any CPU.Build.0 = Debug|Any CPU
		{369AD2C9-0211-4ECD-A352-B719161B4C6F}.Debug|Any CPU.Deploy.0 = Debug|Any CPU
		{369AD2C9-0211-4ECD-A352-B719161B4C6F}.Debug|ARM.ActiveCfg = Debug|ARM
		{369AD2C9-0211-4ECD-A352-B719161B4C6F}.Debug|ARM.Build.0 = Debug|ARM
		{369AD2C9-0211-4ECD-A352-B719161B4C6F}.Debug|ARM.Deploy.0 = Debug|ARM
		{369AD2C9-0211-4ECD-A352-B719161B4C6F}.Debug|ARM64.ActiveCfg = Debug|ARM64
		{369AD2C9-0211-4ECD-A352-B719161B4C6F}.Debug|ARM64.Build.0 = Debug|ARM64
		{369AD2C9-0211-4ECD-A352-B719161B4C6F}.Debug|ARM64.Deploy.0 = Debug|ARM64
		{369AD2C9-0211-4ECD-A352-B719161B4C6F}.Debug|x64.ActiveCfg = Debug|x64
		{369AD2C9-0211-4ECD-A352-B719161B4C6F}.Debug|x64.Build.0 = Debug|x64
		{369AD2C9-0211-4ECD-A352-B719161B4C6F}.Debug|x64.Deploy.0 = Debug|x64
		{369AD2C9-0211-4ECD-A352-B719161B4C6F}.Debug|x86.ActiveCfg = Debug|x86
		{369AD2C9-0211-4ECD-A352-B719161B4C6F}.Debug|x86.Build.0 = Debug|x86
		{369AD2C9-0211-4ECD-A352-B719161B4C6F}.Debug|x86.Deploy.0 = Debug|x86
		{369AD2C9-0211-4ECD-A352-B719161B4C6F}.Release|Any CPU.ActiveCfg = Release|Any CPU
		{369AD2C9-0211-4ECD-A352-B719161B4C6F}.Release|Any CPU.Build.0 = Release|Any CPU
		{369AD2C9-0211-4ECD-A352-B719161B4C6F}.Release|Any CPU.Deploy.0 = Release|Any CPU
		{369AD2C9-0211-4ECD-A352-B719161B4C6F}.Release|ARM.ActiveCfg = Release|ARM
		{369AD2C9-0211-4ECD-A352-B719161B4C6F}.Release|ARM.Build.0 = Release|ARM
		{369AD2C9-0211-4ECD-A352-B719161B4C6F}.Release|ARM.Deploy.0 = Release|ARM
		{369AD2C9-0211-4ECD-A352-B719161B4C6F}.Release|ARM64.ActiveCfg = Release|ARM64
		{369AD2C9-0211-4ECD-A352-B719161B4C6F}.Release|ARM64.Build.0 = Release|ARM64
		{369AD2C9-0211-4ECD-A352-B719161B4C6F}.Release|ARM64.Deploy.0 = Release|ARM64
		{369AD2C9-0211-4ECD-A352-B719161B4C6F}.Release|x64.ActiveCfg = Release|x64
		{369AD2C9-0211-4ECD-A352-B719161B4C6F}.Release|x64.Build.0 = Release|x64
		{369AD2C9-0211-4ECD-A352-B719161B4C6F}.Release|x64.Deploy.0 = Release|x64
		{369AD2C9-0211-4ECD-A352-B719161B4C6F}.Release|x86.ActiveCfg = Release|x86
		{369AD2C9-0211-4ECD-A352-B719161B4C6F}.Release|x86.Build.0 = Release|x86
		{369AD2C9-0211-4ECD-A352-B719161B4C6F}.Release|x86.Deploy.0 = Release|x86
		{2E4EE096-B554-4B4F-B467-75D26F7BE8A6}.Debug|Any CPU.ActiveCfg = Debug|Any CPU
		{2E4EE096-B554-4B4F-B467-75D26F7BE8A6}.Debug|Any CPU.Build.0 = Debug|Any CPU
		{2E4EE096-B554-4B4F-B467-75D26F7BE8A6}.Debug|ARM.ActiveCfg = Debug|Any CPU
		{2E4EE096-B554-4B4F-B467-75D26F7BE8A6}.Debug|ARM.Build.0 = Debug|Any CPU
		{2E4EE096-B554-4B4F-B467-75D26F7BE8A6}.Debug|ARM64.ActiveCfg = Debug|Any CPU
		{2E4EE096-B554-4B4F-B467-75D26F7BE8A6}.Debug|ARM64.Build.0 = Debug|Any CPU
		{2E4EE096-B554-4B4F-B467-75D26F7BE8A6}.Debug|x64.ActiveCfg = Debug|Any CPU
		{2E4EE096-B554-4B4F-B467-75D26F7BE8A6}.Debug|x64.Build.0 = Debug|Any CPU
		{2E4EE096-B554-4B4F-B467-75D26F7BE8A6}.Debug|x86.ActiveCfg = Debug|Any CPU
		{2E4EE096-B554-4B4F-B467-75D26F7BE8A6}.Debug|x86.Build.0 = Debug|Any CPU
		{2E4EE096-B554-4B4F-B467-75D26F7BE8A6}.Release|Any CPU.ActiveCfg = Release|Any CPU
		{2E4EE096-B554-4B4F-B467-75D26F7BE8A6}.Release|Any CPU.Build.0 = Release|Any CPU
		{2E4EE096-B554-4B4F-B467-75D26F7BE8A6}.Release|ARM.ActiveCfg = Release|Any CPU
		{2E4EE096-B554-4B4F-B467-75D26F7BE8A6}.Release|ARM.Build.0 = Release|Any CPU
		{2E4EE096-B554-4B4F-B467-75D26F7BE8A6}.Release|ARM64.ActiveCfg = Release|Any CPU
		{2E4EE096-B554-4B4F-B467-75D26F7BE8A6}.Release|ARM64.Build.0 = Release|Any CPU
		{2E4EE096-B554-4B4F-B467-75D26F7BE8A6}.Release|x64.ActiveCfg = Release|Any CPU
		{2E4EE096-B554-4B4F-B467-75D26F7BE8A6}.Release|x64.Build.0 = Release|Any CPU
		{2E4EE096-B554-4B4F-B467-75D26F7BE8A6}.Release|x86.ActiveCfg = Release|Any CPU
		{2E4EE096-B554-4B4F-B467-75D26F7BE8A6}.Release|x86.Build.0 = Release|Any CPU
	EndGlobalSection
	GlobalSection(SolutionProperties) = preSolution
		HideSolutionNode = FALSE
	EndGlobalSection
	GlobalSection(ExtensibilityGlobals) = postSolution
		SolutionGuid = {F6FE9AEA-331F-42DE-B0EB-A9B520024ACD}
	EndGlobalSection
EndGlobal
